
Microsoft Visual Studio Solution File, Format Version 12.00
# Visual Studio 15
VisualStudioVersion = 15.0.28307.136
MinimumVisualStudioVersion = 10.0.40219.1
Project("{FAE04EC0-301F-11D3-BF4B-00C04F79EFBC}") = "FaceDetection", "FaceDetection\FaceDetection.csproj", "{8C4AF296-E75C-4101-ACF9-C849CB6EB5E3}"
EndProject
Global
	GlobalSection(SolutionConfigurationPlatforms) = preSolution
		Debug|Any CPU = Debug|Any CPU
		Release|Any CPU = Release|Any CPU
	EndGlobalSection
	GlobalSection(ProjectConfigurationPlatforms) = postSolution
		{8C4AF296-E75C-4101-ACF9-C849CB6EB5E3}.Debug|Any CPU.ActiveCfg = Debug|Any CPU
		{8C4AF296-E75C-4101-ACF9-C849CB6EB5E3}.Debug|Any CPU.Build.0 = Debug|Any CPU
		{8C4AF296-E75C-4101-ACF9-C849CB6EB5E3}.Release|Any CPU.ActiveCfg = Release|Any CPU
		{8C4AF296-E75C-4101-ACF9-C849CB6EB5E3}.Release|Any CPU.Build.0 = Release|Any CPU
	EndGlobalSection
	GlobalSection(SolutionProperties) = preSolution
		HideSolutionNode = FALSE
	EndGlobalSection
	GlobalSection(ExtensibilityGlobals) = postSolution
		SolutionGuid = {C7117360-E5A6-48EF-8601-6CA5260C0910}
	EndGlobalSection
EndGlobal
