<?xml version="1.0" encoding="utf-8"?>
<Project ToolsVersion="4.0" xmlns="http://schemas.microsoft.com/developer/msbuild/2003">
  <ItemGroup>
    <Filter Include="Source Files">
      <UniqueIdentifier>{4FC737F1-C7A5-4376-A066-2A32D752A2FF}</UniqueIdentifier>
      <Extensions>cpp;c;cc;cxx;def;odl;idl;hpj;bat;asm;asmx</Extensions>
    </Filter>
    <Filter Include="Header Files">
      <UniqueIdentifier>{93995380-89BD-4b04-88EB-625FBE52EBFB}</UniqueIdentifier>
      <Extensions>h;hh;hpp;hxx;hm;inl;inc;ipp;xsd</Extensions>
    </Filter>
    <Filter Include="Resource Files">
      <UniqueIdentifier>{67DA6AB6-F800-4c08-8B7A-83BB121AAD01}</UniqueIdentifier>
      <Extensions>rc;ico;cur;bmp;dlg;rc2;rct;bin;rgs;gif;jpg;jpeg;jpe;resx;tiff;tif;png;wav;mfcribbon-ms</Extensions>
    </Filter>
    <Filter Include="glad">
      <UniqueIdentifier>{410a74a6-47ba-4bd7-ba4b-37b2ba678c2d}</UniqueIdentifier>
    </Filter>
  </ItemGroup>
  <ItemGroup>
    <ClCompile Include="CoordinateAxes.cpp">
      <Filter>Source Files</Filter>
    </ClCompile>
    <ClCompile Include="Cylinder.cpp">
      <Filter>Source Files</Filter>
    </ClCompile>
    <ClCompile Include="Helpers.cpp">
      <Filter>Source Files</Filter>
    </ClCompile>
    <ClCompile Include="PointCloudRenderer.cpp">
      <Filter>Source Files</Filter>
    </ClCompile>
    <ClCompile Include="RendererBase.cpp">
      <Filter>Source Files</Filter>
    </ClCompile>
    <ClCompile Include="SkeletonRenderer.cpp">
      <Filter>Source Files</Filter>
    </ClCompile>
    <ClCompile Include="Sphere.cpp">
      <Filter>Source Files</Filter>
    </ClCompile>
    <ClCompile Include="ViewControl.cpp">
      <Filter>Source Files</Filter>
    </ClCompile>
    <ClCompile Include="WindowController3d.cpp">
      <Filter>Source Files</Filter>
    </ClCompile>
    <ClCompile Include="glad\glad.c">
      <Filter>glad</Filter>
    </ClCompile>
    <ClCompile Include="FloorRenderer.cpp">
      <Filter>Source Files</Filter>
    </ClCompile>
    <ClCompile Include="Window3dWrapper.cpp">
      <Filter>Source Files</Filter>
    </ClCompile>
  </ItemGroup>
  <ItemGroup>
    <ClInclude Include="ColorObjectShaders.h">
      <Filter>Header Files</Filter>
    </ClInclude>
    <ClInclude Include="CoordinateAxes.h">
      <Filter>Header Files</Filter>
    </ClInclude>
    <ClInclude Include="Cylinder.h">
      <Filter>Header Files</Filter>
    </ClInclude>
    <ClInclude Include="GlShaderDefs.h">
      <Filter>Header Files</Filter>
    </ClInclude>
    <ClInclude Include="Helpers.h">
      <Filter>Header Files</Filter>
    </ClInclude>
    <ClInclude Include="linmath.h">
      <Filter>Header Files</Filter>
    </ClInclude>
    <ClInclude Include="MonoObjectShaders.h">
      <Filter>Header Files</Filter>
    </ClInclude>
    <ClInclude Include="PointCloudRenderer.h">
      <Filter>Header Files</Filter>
    </ClInclude>
    <ClInclude Include="PointCloudShaders.h">
      <Filter>Header Files</Filter>
    </ClInclude>
    <ClInclude Include="RendererBase.h">
      <Filter>Header Files</Filter>
    </ClInclude>
    <ClInclude Include="SkeletonRenderer.h">
      <Filter>Header Files</Filter>
    </ClInclude>
    <ClInclude Include="Sphere.h">
      <Filter>Header Files</Filter>
    </ClInclude>
    <ClInclude Include="ViewControl.h">
      <Filter>Header Files</Filter>
    </ClInclude>
    <ClInclude Include="WindowController3d.h">
      <Filter>Header Files</Filter>
    </ClInclude>
    <ClInclude Include="WindowController3dTypes.h">
      <Filter>Header Files</Filter>
    </ClInclude>
    <ClInclude Include="FloorRenderer.h">
      <Filter>Header Files</Filter>
    </ClInclude>
    <ClInclude Include="Window3dWrapper.h">
      <Filter>Header Files</Filter>
    </ClInclude>
  </ItemGroup>
  <ItemGroup>
    <None Include="packages.config" />
    <None Include="dnn_model_2_0.onnx" />
  </ItemGroup>
</Project>
