
Microsoft Visual Studio Solution File, Format Version 12.00
# Visual Studio 15
VisualStudioVersion = 15.0.28307.960
MinimumVisualStudioVersion = 10.0.40219.1
Project("{8BC9CEB8-8B4A-11D0-8D11-00A0C91BC942}") = "MqttToTex", "MqttToTex.vcxproj", "{35DC6386-39BD-4D59-B767-BB8ADC3096C1}"
EndProject
Global
	GlobalSection(SolutionConfigurationPlatforms) = preSolution
		Debug|x64 = Debug|x64
		Release|x64 = Release|x64
	EndGlobalSection
	GlobalSection(ProjectConfigurationPlatforms) = postSolution
		{35DC6386-39BD-4D59-B767-BB8ADC3096C1}.Debug|x64.ActiveCfg = Debug|x64
		{35DC6386-39BD-4D59-B767-BB8ADC3096C1}.Debug|x64.Build.0 = Debug|x64
		{35DC6386-39BD-4D59-B767-BB8ADC3096C1}.Release|x64.ActiveCfg = Release|x64
		{35DC6386-39BD-4D59-B767-BB8ADC3096C1}.Release|x64.Build.0 = Release|x64
	EndGlobalSection
	GlobalSection(SolutionProperties) = preSolution
		HideSolutionNode = FALSE
	EndGlobalSection
	GlobalSection(ExtensibilityGlobals) = postSolution
		SolutionGuid = {A4A127DF-5427-4DF9-9A8D-EAC07775043D}
	EndGlobalSection
EndGlobal
